
Microsoft Visual Studio Solution File, Format Version 12.00
# Visual Studio 15
VisualStudioVersion = 15.0.35431.46
MinimumVisualStudioVersion = 10.0.40219.1
Project("{FAE04EC0-301F-11D3-BF4B-00C04F79EFBC}") = "Facturacion.WPF.Client", "Facturacion.WPF.Client\Facturacion.WPF.Client.csproj", "{EEC3FEF5-8118-49AF-B349-4974004BEBFB}"
EndProject
Global
	GlobalSection(SolutionConfigurationPlatforms) = preSolution
		Debug|Any CPU = Debug|Any CPU
		Release|Any CPU = Release|Any CPU
	EndGlobalSection
	GlobalSection(ProjectConfigurationPlatforms) = postSolution
		{EEC3FEF5-8118-49AF-B349-4974004BEBFB}.Debug|Any CPU.ActiveCfg = Debug|Any CPU
		{EEC3FEF5-8118-49AF-B349-4974004BEBFB}.Debug|Any CPU.Build.0 = Debug|Any CPU
		{EEC3FEF5-8118-49AF-B349-4974004BEBFB}.Release|Any CPU.ActiveCfg = Release|Any CPU
		{EEC3FEF5-8118-49AF-B349-4974004BEBFB}.Release|Any CPU.Build.0 = Release|Any CPU
	EndGlobalSection
	GlobalSection(SolutionProperties) = preSolution
		HideSolutionNode = FALSE
	EndGlobalSection
	GlobalSection(ExtensibilityGlobals) = postSolution
		SolutionGuid = {D460AFD5-7C0F-4DA9-AF5D-D0C5714E5BFD}
	EndGlobalSection
EndGlobal
